
Microsoft Visual Studio Solution File, Format Version 12.00
Project("{F2A71F9B-5D33-465A-A702-920D77279786}") = "NanoFX", "NanoFX\NanoFX.fsproj", "{570B979C-C185-4379-A34A-86AB019C7FA7}"
EndProject
Project("{FAE04EC0-301F-11D3-BF4B-00C04F79EFBC}") = "Crestruction.Utilities.CommandLine", "Crestruction.Utilities.CommandLine\Crestruction.Utilities.CommandLine.csproj", "{93A76281-1FF5-40E0-B800-42C8D88E6E2F}"
EndProject
Project("{F2A71F9B-5D33-465A-A702-920D77279786}") = "NanoFX.Configure", "NanoFX.Configure\NanoFX.Configure.fsproj", "{52221048-2A6E-4E34-A847-37E4337EF1F6}"
EndProject
Project("{2150E333-8FDC-42A3-9474-1A3956D46DE8}") = "Libraries", "Libraries", "{D40B8FD1-A106-415F-B2F5-A2FBE93CEC39}"
EndProject
Project("{2150E333-8FDC-42A3-9474-1A3956D46DE8}") = "NanoModules", "NanoModules", "{7F8FF000-9C8E-4D04-A7B7-C1C5B49D6808}"
EndProject
Project("{F2A71F9B-5D33-465A-A702-920D77279786}") = "NanoFX.Builder", "NanoFX.Builder\NanoFX.Builder.fsproj", "{7F8A2137-7054-4C9B-86F0-AF2BF3BD98F1}"
EndProject
Project("{F2A71F9B-5D33-465A-A702-920D77279786}") = "NanoFX.Templates", "NanoFX.Templates\NanoFX.Templates.fsproj", "{1AB90ACE-4BC6-4B8D-AA90-BD708042DBC2}"
EndProject
Global
	GlobalSection(SolutionConfigurationPlatforms) = preSolution
		Debug|Any CPU = Debug|Any CPU
		Release|Any CPU = Release|Any CPU
	EndGlobalSection
	GlobalSection(ProjectConfigurationPlatforms) = postSolution
		{570B979C-C185-4379-A34A-86AB019C7FA7}.Debug|Any CPU.ActiveCfg = Debug|Any CPU
		{570B979C-C185-4379-A34A-86AB019C7FA7}.Debug|Any CPU.Build.0 = Debug|Any CPU
		{570B979C-C185-4379-A34A-86AB019C7FA7}.Release|Any CPU.ActiveCfg = Release|Any CPU
		{570B979C-C185-4379-A34A-86AB019C7FA7}.Release|Any CPU.Build.0 = Release|Any CPU
		{93A76281-1FF5-40E0-B800-42C8D88E6E2F}.Debug|Any CPU.ActiveCfg = Debug|Any CPU
		{93A76281-1FF5-40E0-B800-42C8D88E6E2F}.Debug|Any CPU.Build.0 = Debug|Any CPU
		{93A76281-1FF5-40E0-B800-42C8D88E6E2F}.Release|Any CPU.ActiveCfg = Release|Any CPU
		{93A76281-1FF5-40E0-B800-42C8D88E6E2F}.Release|Any CPU.Build.0 = Release|Any CPU
		{52221048-2A6E-4E34-A847-37E4337EF1F6}.Debug|Any CPU.ActiveCfg = Debug|Any CPU
		{52221048-2A6E-4E34-A847-37E4337EF1F6}.Debug|Any CPU.Build.0 = Debug|Any CPU
		{52221048-2A6E-4E34-A847-37E4337EF1F6}.Release|Any CPU.ActiveCfg = Release|Any CPU
		{52221048-2A6E-4E34-A847-37E4337EF1F6}.Release|Any CPU.Build.0 = Release|Any CPU
		{7F8A2137-7054-4C9B-86F0-AF2BF3BD98F1}.Debug|Any CPU.ActiveCfg = Debug|Any CPU
		{7F8A2137-7054-4C9B-86F0-AF2BF3BD98F1}.Debug|Any CPU.Build.0 = Debug|Any CPU
		{7F8A2137-7054-4C9B-86F0-AF2BF3BD98F1}.Release|Any CPU.ActiveCfg = Release|Any CPU
		{7F8A2137-7054-4C9B-86F0-AF2BF3BD98F1}.Release|Any CPU.Build.0 = Release|Any CPU
		{1AB90ACE-4BC6-4B8D-AA90-BD708042DBC2}.Debug|Any CPU.ActiveCfg = Debug|Any CPU
		{1AB90ACE-4BC6-4B8D-AA90-BD708042DBC2}.Debug|Any CPU.Build.0 = Debug|Any CPU
		{1AB90ACE-4BC6-4B8D-AA90-BD708042DBC2}.Release|Any CPU.ActiveCfg = Release|Any CPU
		{1AB90ACE-4BC6-4B8D-AA90-BD708042DBC2}.Release|Any CPU.Build.0 = Release|Any CPU
	EndGlobalSection
	GlobalSection(NestedProjects) = preSolution
		{93A76281-1FF5-40E0-B800-42C8D88E6E2F} = {D40B8FD1-A106-415F-B2F5-A2FBE93CEC39}
		{570B979C-C185-4379-A34A-86AB019C7FA7} = {7F8FF000-9C8E-4D04-A7B7-C1C5B49D6808}
		{52221048-2A6E-4E34-A847-37E4337EF1F6} = {7F8FF000-9C8E-4D04-A7B7-C1C5B49D6808}
		{7F8A2137-7054-4C9B-86F0-AF2BF3BD98F1} = {7F8FF000-9C8E-4D04-A7B7-C1C5B49D6808}
		{1AB90ACE-4BC6-4B8D-AA90-BD708042DBC2} = {7F8FF000-9C8E-4D04-A7B7-C1C5B49D6808}
	EndGlobalSection
EndGlobal
